# yarn lockfile v1
"@babel/core@^7.0.0":
  version "7.24.0"
  resolved "https://registry.yarnpkg.com/@babel/core/-/core-7.24.0.tgz"

"@stripe/stripe-js@^3.1.0":
  version "3.1.0"
  resolved "https://registry.yarnpkg.com/@stripe/stripe-js/-/stripe-js-3.1.0.tgz"

lodash@^4.17.0:
  version "4.17.21"
  resolved "https://registry.yarnpkg.com/lodash/-/lodash-4.17.21.tgz"

react@^18.0.0:
  version "18.2.0"
  resolved "https://registry.yarnpkg.com/react/-/react-18.2.0.tgz"
